// !$*UTF8*$!
{
	archiveVersion = 1;
	classes = {
	};
	objectVersion = 51;
	objects = {

/* Begin PBXBuildFile section */
		3755C79AC36BCF587792FBA0 /* Pods_Zendesk_Sample.framework in Frameworks */ = {isa = PBXBuildFile; fileRef = 6C7C79FA50BAF1769F26B95A /* Pods_Zendesk_Sample.framework */; };
		D5B5FB79243791CA00FFF4B0 /* AppDelegate.swift in Sources */ = {isa = PBXBuildFile; fileRef = D5B5FB78243791CA00FFF4B0 /* AppDelegate.swift */; };
		D5B5FB7D243791CA00FFF4B0 /* ViewController.swift in Sources */ = {isa = PBXBuildFile; fileRef = D5B5FB7C243791CA00FFF4B0 /* ViewController.swift */; };
		D5B5FB82243791CF00FFF4B0 /* Assets.xcassets in Resources */ = {isa = PBXBuildFile; fileRef = D5B5FB81243791CF00FFF4B0 /* Assets.xcassets */; };
		D5B5FB85243791CF00FFF4B0 /* LaunchScreen.storyboard in Resources */ = {isa = PBXBuildFile; fileRef = D5B5FB83243791CF00FFF4B0 /* LaunchScreen.storyboard */; };
		D5B5FB8F243798CB00FFF4B0 /* ZendeskManager+Appearance.swift in Sources */ = {isa = PBXBuildFile; fileRef = D5B5FB8D243798CB00FFF4B0 /* ZendeskManager+Appearance.swift */; };
		D5B5FB90243798CB00FFF4B0 /* ZendeskManager.swift in Sources */ = {isa = PBXBuildFile; fileRef = D5B5FB8E243798CB00FFF4B0 /* ZendeskManager.swift */; };
		D5B5FB9224379C3500FFF4B0 /* ViewController.xib in Resources */ = {isa = PBXBuildFile; fileRef = D5B5FB9124379C3500FFF4B0 /* ViewController.xib */; };
		D5B5FB9A2437AACC00FFF4B0 /* Environment.swift in Sources */ = {isa = PBXBuildFile; fileRef = D5B5FB992437AACC00FFF4B0 /* Environment.swift */; };
		D5B5FB9C2437AB5B00FFF4B0 /* Environment+Zendesk.swift in Sources */ = {isa = PBXBuildFile; fileRef = D5B5FB9B2437AB5B00FFF4B0 /* Environment+Zendesk.swift */; };
		D5B5FBA02437ADAF00FFF4B0 /* ZDCChatStrings.bundle in Resources */ = {isa = PBXBuildFile; fileRef = D5B5FB9F2437ADAF00FFF4B0 /* ZDCChatStrings.bundle */; };
/* End PBXBuildFile section */

/* Begin PBXFileReference section */
		6C7C79FA50BAF1769F26B95A /* Pods_Zendesk_Sample.framework */ = {isa = PBXFileReference; explicitFileType = wrapper.framework; includeInIndex = 0; path = Pods_Zendesk_Sample.framework; sourceTree = BUILT_PRODUCTS_DIR; };
		D3CF9D07B8B49D0127E91012 /* Pods-Zendesk Sample.release.xcconfig */ = {isa = PBXFileReference; includeInIndex = 1; lastKnownFileType = text.xcconfig; name = "Pods-Zendesk Sample.release.xcconfig"; path = "Target Support Files/Pods-Zendesk Sample/Pods-Zendesk Sample.release.xcconfig"; sourceTree = "<group>"; };
		D5B5FB75243791CA00FFF4B0 /* Zendesk Sample.app */ = {isa = PBXFileReference; explicitFileType = wrapper.application; includeInIndex = 0; path = "Zendesk Sample.app"; sourceTree = BUILT_PRODUCTS_DIR; };
		D5B5FB78243791CA00FFF4B0 /* AppDelegate.swift */ = {isa = PBXFileReference; lastKnownFileType = sourcecode.swift; path = AppDelegate.swift; sourceTree = "<group>"; };
		D5B5FB7C243791CA00FFF4B0 /* ViewController.swift */ = {isa = PBXFileReference; lastKnownFileType = sourcecode.swift; path = ViewController.swift; sourceTree = "<group>"; };
		D5B5FB81243791CF00FFF4B0 /* Assets.xcassets */ = {isa = PBXFileReference; lastKnownFileType = folder.assetcatalog; path = Assets.xcassets; sourceTree = "<group>"; };
		D5B5FB84243791CF00FFF4B0 /* Base */ = {isa = PBXFileReference; lastKnownFileType = file.storyboard; name = Base; path = Base.lproj/LaunchScreen.storyboard; sourceTree = "<group>"; };
		D5B5FB86243791CF00FFF4B0 /* Info.plist */ = {isa = PBXFileReference; lastKnownFileType = text.plist.xml; path = Info.plist; sourceTree = "<group>"; };
		D5B5FB8D243798CB00FFF4B0 /* ZendeskManager+Appearance.swift */ = {isa = PBXFileReference; fileEncoding = 4; lastKnownFileType = sourcecode.swift; path = "ZendeskManager+Appearance.swift"; sourceTree = "<group>"; };
		D5B5FB8E243798CB00FFF4B0 /* ZendeskManager.swift */ = {isa = PBXFileReference; fileEncoding = 4; lastKnownFileType = sourcecode.swift; path = ZendeskManager.swift; sourceTree = "<group>"; };
		D5B5FB9124379C3500FFF4B0 /* ViewController.xib */ = {isa = PBXFileReference; lastKnownFileType = file.xib; path = ViewController.xib; sourceTree = "<group>"; };
		D5B5FB982437AA9600FFF4B0 /* Config.xcconfig */ = {isa = PBXFileReference; lastKnownFileType = text.xcconfig; path = Config.xcconfig; sourceTree = "<group>"; };
		D5B5FB992437AACC00FFF4B0 /* Environment.swift */ = {isa = PBXFileReference; lastKnownFileType = sourcecode.swift; path = Environment.swift; sourceTree = "<group>"; };
		D5B5FB9B2437AB5B00FFF4B0 /* Environment+Zendesk.swift */ = {isa = PBXFileReference; lastKnownFileType = sourcecode.swift; path = "Environment+Zendesk.swift"; sourceTree = "<group>"; };
		D5B5FB9F2437ADAF00FFF4B0 /* ZDCChatStrings.bundle */ = {isa = PBXFileReference; lastKnownFileType = "wrapper.plug-in"; path = ZDCChatStrings.bundle; sourceTree = "<group>"; };
		E901FB4D389B34DF1AF1DD3B /* Pods-Zendesk Sample.debug.xcconfig */ = {isa = PBXFileReference; includeInIndex = 1; lastKnownFileType = text.xcconfig; name = "Pods-Zendesk Sample.debug.xcconfig"; path = "Target Support Files/Pods-Zendesk Sample/Pods-Zendesk Sample.debug.xcconfig"; sourceTree = "<group>"; };
/* End PBXFileReference section */

/* Begin PBXFrameworksBuildPhase section */
		D5B5FB72243791CA00FFF4B0 /* Frameworks */ = {
			isa = PBXFrameworksBuildPhase;
			buildActionMask = 2147483647;
			files = (
				3755C79AC36BCF587792FBA0 /* Pods_Zendesk_Sample.framework in Frameworks */,
			);
			runOnlyForDeploymentPostprocessing = 0;
		};
/* End PBXFrameworksBuildPhase section */

/* Begin PBXGroup section */
		7926A1A05E0E5A58421F8F53 /* Pods */ = {
			isa = PBXGroup;
			children = (
				E901FB4D389B34DF1AF1DD3B /* Pods-Zendesk Sample.debug.xcconfig */,
				D3CF9D07B8B49D0127E91012 /* Pods-Zendesk Sample.release.xcconfig */,
			);
			path = Pods;
			sourceTree = "<group>";
		};
		D5B5FB6C243791CA00FFF4B0 = {
			isa = PBXGroup;
			children = (
				D5B5FB9D2437AD0500FFF4B0 /* Config */,
				D5B5FB77243791CA00FFF4B0 /* Zendesk Sample */,
				D5B5FB76243791CA00FFF4B0 /* Products */,
				7926A1A05E0E5A58421F8F53 /* Pods */,
				FD3C4C9FB06A3E88CE2ED69F /* Frameworks */,
			);
			sourceTree = "<group>";
		};
		D5B5FB76243791CA00FFF4B0 /* Products */ = {
			isa = PBXGroup;
			children = (
				D5B5FB75243791CA00FFF4B0 /* Zendesk Sample.app */,
			);
			name = Products;
			sourceTree = "<group>";
		};
		D5B5FB77243791CA00FFF4B0 /* Zendesk Sample */ = {
			isa = PBXGroup;
			children = (
				D5B5FB9E2437AD8D00FFF4B0 /* Resources */,
				D5B5FB78243791CA00FFF4B0 /* AppDelegate.swift */,
				D5B5FB7C243791CA00FFF4B0 /* ViewController.swift */,
				D5B5FB9124379C3500FFF4B0 /* ViewController.xib */,
				D5B5FB81243791CF00FFF4B0 /* Assets.xcassets */,
				D5B5FB83243791CF00FFF4B0 /* LaunchScreen.storyboard */,
				D5B5FB86243791CF00FFF4B0 /* Info.plist */,
				D5B5FB8C243798CB00FFF4B0 /* Zendesk */,
				D5B5FB992437AACC00FFF4B0 /* Environment.swift */,
				D5B5FB9B2437AB5B00FFF4B0 /* Environment+Zendesk.swift */,
			);
			path = "Zendesk Sample";
			sourceTree = "<group>";
		};
		D5B5FB8C243798CB00FFF4B0 /* Zendesk */ = {
			isa = PBXGroup;
			children = (
				D5B5FB8D243798CB00FFF4B0 /* ZendeskManager+Appearance.swift */,
				D5B5FB8E243798CB00FFF4B0 /* ZendeskManager.swift */,
			);
			path = Zendesk;
			sourceTree = "<group>";
		};
		D5B5FB9D2437AD0500FFF4B0 /* Config */ = {
			isa = PBXGroup;
			children = (
				D5B5FB982437AA9600FFF4B0 /* Config.xcconfig */,
			);
			path = Config;
			sourceTree = "<group>";
		};
		D5B5FB9E2437AD8D00FFF4B0 /* Resources */ = {
			isa = PBXGroup;
			children = (
				D5B5FB9F2437ADAF00FFF4B0 /* ZDCChatStrings.bundle */,
			);
			path = Resources;
			sourceTree = "<group>";
		};
		FD3C4C9FB06A3E88CE2ED69F /* Frameworks */ = {
			isa = PBXGroup;
			children = (
				6C7C79FA50BAF1769F26B95A /* Pods_Zendesk_Sample.framework */,
			);
			name = Frameworks;
			sourceTree = "<group>";
		};
/* End PBXGroup section */

/* Begin PBXNativeTarget section */
		D5B5FB74243791CA00FFF4B0 /* Zendesk Sample */ = {
			isa = PBXNativeTarget;
			buildConfigurationList = D5B5FB89243791CF00FFF4B0 /* Build configuration list for PBXNativeTarget "Zendesk Sample" */;
			buildPhases = (
				0E8F4A96F4785DC2257E8A9F /* [CP] Check Pods Manifest.lock */,
				D5B5FB71243791CA00FFF4B0 /* Sources */,
				D5B5FB72243791CA00FFF4B0 /* Frameworks */,
				D5B5FB73243791CA00FFF4B0 /* Resources */,
				3FC66686C5A90F47BD2E282F /* [CP] Copy Pods Resources */,
			);
			buildRules = (
			);
			dependencies = (
			);
			name = "Zendesk Sample";
			productName = "Zendesk Sample";
			productReference = D5B5FB75243791CA00FFF4B0 /* Zendesk Sample.app */;
			productType = "com.apple.product-type.application";
		};
/* End PBXNativeTarget section */

/* Begin PBXProject section */
		D5B5FB6D243791CA00FFF4B0 /* Project object */ = {
			isa = PBXProject;
			attributes = {
				LastSwiftUpdateCheck = 1140;
				LastUpgradeCheck = 1140;
				ORGANIZATIONNAME = "Yuli Chandra";
				TargetAttributes = {
					D5B5FB74243791CA00FFF4B0 = {
						CreatedOnToolsVersion = 11.4;
					};
				};
			};
			buildConfigurationList = D5B5FB70243791CA00FFF4B0 /* Build configuration list for PBXProject "Zendesk Sample" */;
			compatibilityVersion = "Xcode 9.3";
			developmentRegion = en;
			hasScannedForEncodings = 0;
			knownRegions = (
				en,
				Base,
			);
			mainGroup = D5B5FB6C243791CA00FFF4B0;
			productRefGroup = D5B5FB76243791CA00FFF4B0 /* Products */;
			projectDirPath = "";
			projectRoot = "";
			targets = (
				D5B5FB74243791CA00FFF4B0 /* Zendesk Sample */,
			);
		};
/* End PBXProject section */

/* Begin PBXResourcesBuildPhase section */
		D5B5FB73243791CA00FFF4B0 /* Resources */ = {
			isa = PBXResourcesBuildPhase;
			buildActionMask = 2147483647;
			files = (
				D5B5FBA02437ADAF00FFF4B0 /* ZDCChatStrings.bundle in Resources */,
				D5B5FB85243791CF00FFF4B0 /* LaunchScreen.storyboard in Resources */,
				D5B5FB9224379C3500FFF4B0 /* ViewController.xib in Resources */,
				D5B5FB82243791CF00FFF4B0 /* Assets.xcassets in Resources */,
			);
			runOnlyForDeploymentPostprocessing = 0;
		};
/* End PBXResourcesBuildPhase section */

/* Begin PBXShellScriptBuildPhase section */
		0E8F4A96F4785DC2257E8A9F /* [CP] Check Pods Manifest.lock */ = {
			isa = PBXShellScriptBuildPhase;
			buildActionMask = 2147483647;
			files = (
			);
			inputFileListPaths = (
			);
			inputPaths = (
				"${PODS_PODFILE_DIR_PATH}/Podfile.lock",
				"${PODS_ROOT}/Manifest.lock",
			);
			name = "[CP] Check Pods Manifest.lock";
			outputFileListPaths = (
			);
			outputPaths = (
				"$(DERIVED_FILE_DIR)/Pods-Zendesk Sample-checkManifestLockResult.txt",
			);
			runOnlyForDeploymentPostprocessing = 0;
			shellPath = /bin/sh;
			shellScript = "diff \"${PODS_PODFILE_DIR_PATH}/Podfile.lock\" \"${PODS_ROOT}/Manifest.lock\" > /dev/null\nif [ $? != 0 ] ; then\n    # print error to STDERR\n    echo \"error: The sandbox is not in sync with the Podfile.lock. Run 'pod install' or update your CocoaPods installation.\" >&2\n    exit 1\nfi\n# This output is used by Xcode 'outputs' to avoid re-running this script phase.\necho \"SUCCESS\" > \"${SCRIPT_OUTPUT_FILE_0}\"\n";
			showEnvVarsInLog = 0;
		};
		3FC66686C5A90F47BD2E282F /* [CP] Copy Pods Resources */ = {
			isa = PBXShellScriptBuildPhase;
			buildActionMask = 2147483647;
			files = (
			);
			inputFileListPaths = (
				"${PODS_ROOT}/Target Support Files/Pods-Zendesk Sample/Pods-Zendesk Sample-resources-${CONFIGURATION}-input-files.xcfilelist",
			);
			name = "[CP] Copy Pods Resources";
			outputFileListPaths = (
				"${PODS_ROOT}/Target Support Files/Pods-Zendesk Sample/Pods-Zendesk Sample-resources-${CONFIGURATION}-output-files.xcfilelist",
			);
			runOnlyForDeploymentPostprocessing = 0;
			shellPath = /bin/sh;
			shellScript = "\"${PODS_ROOT}/Target Support Files/Pods-Zendesk Sample/Pods-Zendesk Sample-resources.sh\"\n";
			showEnvVarsInLog = 0;
		};
/* End PBXShellScriptBuildPhase section */

/* Begin PBXSourcesBuildPhase section */
		D5B5FB71243791CA00FFF4B0 /* Sources */ = {
			isa = PBXSourcesBuildPhase;
			buildActionMask = 2147483647;
			files = (
				D5B5FB7D243791CA00FFF4B0 /* ViewController.swift in Sources */,
				D5B5FB79243791CA00FFF4B0 /* AppDelegate.swift in Sources */,
				D5B5FB90243798CB00FFF4B0 /* ZendeskManager.swift in Sources */,
				D5B5FB8F243798CB00FFF4B0 /* ZendeskManager+Appearance.swift in Sources */,
				D5B5FB9A2437AACC00FFF4B0 /* Environment.swift in Sources */,
				D5B5FB9C2437AB5B00FFF4B0 /* Environment+Zendesk.swift in Sources */,
			);
			runOnlyForDeploymentPostprocessing = 0;
		};
/* End PBXSourcesBuildPhase section */

/* Begin PBXVariantGroup section */
		D5B5FB83243791CF00FFF4B0 /* LaunchScreen.storyboard */ = {
			isa = PBXVariantGroup;
			children = (
				D5B5FB84243791CF00FFF4B0 /* Base */,
			);
			name = LaunchScreen.storyboard;
			sourceTree = "<group>";
		};
/* End PBXVariantGroup section */

/* Begin XCBuildConfiguration section */
		D5B5FB87243791CF00FFF4B0 /* Debug */ = {
			isa = XCBuildConfiguration;
			baseConfigurationReference = D5B5FB982437AA9600FFF4B0 /* Config.xcconfig */;
			buildSettings = {
				ALWAYS_SEARCH_USER_PATHS = NO;
				CLANG_ANALYZER_NONNULL = YES;
				CLANG_ANALYZER_NUMBER_OBJECT_CONVERSION = YES_AGGRESSIVE;
				CLANG_CXX_LANGUAGE_STANDARD = "gnu++14";
				CLANG_CXX_LIBRARY = "libc++";
				CLANG_ENABLE_MODULES = YES;
				CLANG_ENABLE_OBJC_ARC = YES;
				CLANG_ENABLE_OBJC_WEAK = YES;
				CLANG_WARN_BLOCK_CAPTURE_AUTORELEASING = YES;
				CLANG_WARN_BOOL_CONVERSION = YES;
				CLANG_WARN_COMMA = YES;
				CLANG_WARN_CONSTANT_CONVERSION = YES;
				CLANG_WARN_DEPRECATED_OBJC_IMPLEMENTATIONS = YES;
				CLANG_WARN_DIRECT_OBJC_ISA_USAGE = YES_ERROR;
				CLANG_WARN_DOCUMENTATION_COMMENTS = YES;
				CLANG_WARN_EMPTY_BODY = YES;
				CLANG_WARN_ENUM_CONVERSION = YES;
				CLANG_WARN_INFINITE_RECURSION = YES;
				CLANG_WARN_INT_CONVERSION = YES;
				CLANG_WARN_NON_LITERAL_NULL_CONVERSION = YES;
				CLANG_WARN_OBJC_IMPLICIT_RETAIN_SELF = YES;
				CLANG_WARN_OBJC_LITERAL_CONVERSION = YES;
				CLANG_WARN_OBJC_ROOT_CLASS = YES_ERROR;
				CLANG_WARN_RANGE_LOOP_ANALYSIS = YES;
				CLANG_WARN_STRICT_PROTOTYPES = YES;
				CLANG_WARN_SUSPICIOUS_MOVE = YES;
				CLANG_WARN_UNGUARDED_AVAILABILITY = YES_AGGRESSIVE;
				CLANG_WARN_UNREACHABLE_CODE = YES;
				CLANG_WARN__DUPLICATE_METHOD_MATCH = YES;
				COPY_PHASE_STRIP = NO;
				DEBUG_INFORMATION_FORMAT = dwarf;
				ENABLE_STRICT_OBJC_MSGSEND = YES;
				ENABLE_TESTABILITY = YES;
				GCC_C_LANGUAGE_STANDARD = gnu11;
				GCC_DYNAMIC_NO_PIC = NO;
				GCC_NO_COMMON_BLOCKS = YES;
				GCC_OPTIMIZATION_LEVEL = 0;
				GCC_PREPROCESSOR_DEFINITIONS = (
					"DEBUG=1",
					"$(inherited)",
				);
				GCC_WARN_64_TO_32_BIT_CONVERSION = YES;
				GCC_WARN_ABOUT_RETURN_TYPE = YES_ERROR;
				GCC_WARN_UNDECLARED_SELECTOR = YES;
				GCC_WARN_UNINITIALIZED_AUTOS = YES_AGGRESSIVE;
				GCC_WARN_UNUSED_FUNCTION = YES;
				GCC_WARN_UNUSED_VARIABLE = YES;
				IPHONEOS_DEPLOYMENT_TARGET = 13.4;
				MTL_ENABLE_DEBUG_INFO = INCLUDE_SOURCE;
				MTL_FAST_MATH = YES;
				ONLY_ACTIVE_ARCH = YES;
				SDKROOT = iphoneos;
				SWIFT_ACTIVE_COMPILATION_CONDITIONS = DEBUG;
				SWIFT_OPTIMIZATION_LEVEL = "-Onone";
			};
			name = Debug;
		};
		D5B5FB88243791CF00FFF4B0 /* Release */ = {
			isa = XCBuildConfiguration;
			buildSettings = {
				ALWAYS_SEARCH_USER_PATHS = NO;
				CLANG_ANALYZER_NONNULL = YES;
				CLANG_ANALYZER_NUMBER_OBJECT_CONVERSION = YES_AGGRESSIVE;
				CLANG_CXX_LANGUAGE_STANDARD = "gnu++14";
				CLANG_CXX_LIBRARY = "libc++";
				CLANG_ENABLE_MODULES = YES;
				CLANG_ENABLE_OBJC_ARC = YES;
				CLANG_ENABLE_OBJC_WEAK = YES;
				CLANG_WARN_BLOCK_CAPTURE_AUTORELEASING = YES;
				CLANG_WARN_BOOL_CONVERSION = YES;
				CLANG_WARN_COMMA = YES;
				CLANG_WARN_CONSTANT_CONVERSION = YES;
				CLANG_WARN_DEPRECATED_OBJC_IMPLEMENTATIONS = YES;
				CLANG_WARN_DIRECT_OBJC_ISA_USAGE = YES_ERROR;
				CLANG_WARN_DOCUMENTATION_COMMENTS = YES;
				CLANG_WARN_EMPTY_BODY = YES;
				CLANG_WARN_ENUM_CONVERSION = YES;
				CLANG_WARN_INFINITE_RECURSION = YES;
				CLANG_WARN_INT_CONVERSION = YES;
				CLANG_WARN_NON_LITERAL_NULL_CONVERSION = YES;
				CLANG_WARN_OBJC_IMPLICIT_RETAIN_SELF = YES;
				CLANG_WARN_OBJC_LITERAL_CONVERSION = YES;
				CLANG_WARN_OBJC_ROOT_CLASS = YES_ERROR;
				CLANG_WARN_RANGE_LOOP_ANALYSIS = YES;
				CLANG_WARN_STRICT_PROTOTYPES = YES;
				CLANG_WARN_SUSPICIOUS_MOVE = YES;
				CLANG_WARN_UNGUARDED_AVAILABILITY = YES_AGGRESSIVE;
				CLANG_WARN_UNREACHABLE_CODE = YES;
				CLANG_WARN__DUPLICATE_METHOD_MATCH = YES;
				COPY_PHASE_STRIP = NO;
				DEBUG_INFORMATION_FORMAT = "dwarf-with-dsym";
				ENABLE_NS_ASSERTIONS = NO;
				ENABLE_STRICT_OBJC_MSGSEND = YES;
				GCC_C_LANGUAGE_STANDARD = gnu11;
				GCC_NO_COMMON_BLOCKS = YES;
				GCC_WARN_64_TO_32_BIT_CONVERSION = YES;
				GCC_WARN_ABOUT_RETURN_TYPE = YES_ERROR;
				GCC_WARN_UNDECLARED_SELECTOR = YES;
				GCC_WARN_UNINITIALIZED_AUTOS = YES_AGGRESSIVE;
				GCC_WARN_UNUSED_FUNCTION = YES;
				GCC_WARN_UNUSED_VARIABLE = YES;
				IPHONEOS_DEPLOYMENT_TARGET = 13.4;
				MTL_ENABLE_DEBUG_INFO = NO;
				MTL_FAST_MATH = YES;
				SDKROOT = iphoneos;
				SWIFT_COMPILATION_MODE = wholemodule;
				SWIFT_OPTIMIZATION_LEVEL = "-O";
				VALIDATE_PRODUCT = YES;
			};
			name = Release;
		};
		D5B5FB8A243791CF00FFF4B0 /* Debug */ = {
			isa = XCBuildConfiguration;
			baseConfigurationReference = D5B5FB982437AA9600FFF4B0 /* Config.xcconfig */;
			buildSettings = {
				ASSETCATALOG_COMPILER_APPICON_NAME = AppIcon;
				CODE_SIGN_STYLE = Automatic;
				DEVELOPMENT_TEAM = 56Y9WAA3M9;
				INFOPLIST_FILE = "Zendesk Sample/Info.plist";
				IPHONEOS_DEPLOYMENT_TARGET = 10.0;
				LD_RUNPATH_SEARCH_PATHS = (
					"$(inherited)",
					"@executable_path/Frameworks",
				);
				PRODUCT_BUNDLE_IDENTIFIER = "com.chan.Zendesk-Sample";
				PRODUCT_NAME = "$(TARGET_NAME)";
				SWIFT_VERSION = 5.0;
				TARGETED_DEVICE_FAMILY = 1;
			};
			name = Debug;
		};
		D5B5FB8B243791CF00FFF4B0 /* Release */ = {
			isa = XCBuildConfiguration;
			baseConfigurationReference = D3CF9D07B8B49D0127E91012 /* Pods-Zendesk Sample.release.xcconfig */;
			buildSettings = {
				ASSETCATALOG_COMPILER_APPICON_NAME = AppIcon;
				CODE_SIGN_STYLE = Automatic;
				DEVELOPMENT_TEAM = 56Y9WAA3M9;
				INFOPLIST_FILE = "Zendesk Sample/Info.plist";
				IPHONEOS_DEPLOYMENT_TARGET = 10.0;
				LD_RUNPATH_SEARCH_PATHS = (
					"$(inherited)",
					"@executable_path/Frameworks",
				);
				PRODUCT_BUNDLE_IDENTIFIER = "com.chan.Zendesk-Sample";
				PRODUCT_NAME = "$(TARGET_NAME)";
				SWIFT_VERSION = 5.0;
				TARGETED_DEVICE_FAMILY = 1;
			};
			name = Release;
		};
/* End XCBuildConfiguration section */

/* Begin XCConfigurationList section */
		D5B5FB70243791CA00FFF4B0 /* Build configuration list for PBXProject "Zendesk Sample" */ = {
			isa = XCConfigurationList;
			buildConfigurations = (
				D5B5FB87243791CF00FFF4B0 /* Debug */,
				D5B5FB88243791CF00FFF4B0 /* Release */,
			);
			defaultConfigurationIsVisible = 0;
			defaultConfigurationName = Release;
		};
		D5B5FB89243791CF00FFF4B0 /* Build configuration list for PBXNativeTarget "Zendesk Sample" */ = {
			isa = XCConfigurationList;
			buildConfigurations = (
				D5B5FB8A243791CF00FFF4B0 /* Debug */,
				D5B5FB8B243791CF00FFF4B0 /* Release */,
			);
			defaultConfigurationIsVisible = 0;
			defaultConfigurationName = Release;
		};
/* End XCConfigurationList section */
	};
	rootObject = D5B5FB6D243791CA00FFF4B0 /* Project object */;
}
